
Microsoft Visual Studio Solution File, Format Version 12.00
# Visual Studio Version 17
VisualStudioVersion = 17.14.36518.9
MinimumVisualStudioVersion = 10.0.40219.1
Project("{FAE04EC0-301F-11D3-BF4B-00C04F79EFBC}") = "TriviaWebRazorPagesGroepsopdracht", "TriviaWebRazorPagesGroepsopdracht\TriviaWebRazorPagesGroepsopdracht.csproj", "{F1FA70BE-7CD2-467D-A458-7C43B93856F8}"
EndProject
Global
	GlobalSection(SolutionConfigurationPlatforms) = preSolution
		Debug|Any CPU = Debug|Any CPU
		Release|Any CPU = Release|Any CPU
	EndGlobalSection
	GlobalSection(ProjectConfigurationPlatforms) = postSolution
		{F1FA70BE-7CD2-467D-A458-7C43B93856F8}.Debug|Any CPU.ActiveCfg = Debug|Any CPU
		{F1FA70BE-7CD2-467D-A458-7C43B93856F8}.Debug|Any CPU.Build.0 = Debug|Any CPU
		{F1FA70BE-7CD2-467D-A458-7C43B93856F8}.Release|Any CPU.ActiveCfg = Release|Any CPU
		{F1FA70BE-7CD2-467D-A458-7C43B93856F8}.Release|Any CPU.Build.0 = Release|Any CPU
	EndGlobalSection
	GlobalSection(SolutionProperties) = preSolution
		HideSolutionNode = FALSE
	EndGlobalSection
	GlobalSection(ExtensibilityGlobals) = postSolution
		SolutionGuid = {484FEE84-98C9-492F-88FE-C2DC34F5955A}
	EndGlobalSection
EndGlobal
